{
  "name": "truth-gazette",
  "version": "0.1.0",
  "lockfileVersion": 3,
  "requires": true,
  "packages": {
    "": {
      "name": "truth-gazette",
      "version": "0.1.0",
      "dependencies": {
        "@upstash/ratelimit": "^2.0.7",
        "@upstash/redis": "^1.11.0",
        "node-fetch": "^2.6.7"
      }
    },
    "node_modules/@upstash/core-analytics": {
      "version": "0.0.10",
      "resolved": "https://registry.npmjs.org/@upstash/core-analytics/-/core-analytics-0.0.10.tgz",
      "integrity": "sha512-7qJHGxpQgQr9/vmeS1PktEwvNAF7TI4iJDi8Pu2CFZ9YUGHZH4fOP5TfYlZ4aVxfopnELiE4BS4FBjyK7V1/xQ==",
      "license": "MIT",
      "dependencies": {
        "@upstash/redis": "^1.28.3"
      },
      "engines": {
        "node": ">=16.0.0"
      }
    },
    "node_modules/@upstash/ratelimit": {
      "version": "2.0.7",
      "resolved": "https://registry.npmjs.org/@upstash/ratelimit/-/ratelimit-2.0.7.tgz",
      "integrity": "sha512-qNQW4uBPKVk8c4wFGj2S/vfKKQxXx1taSJoSGBN36FeiVBBKHQgsjPbKUijZ9Xu5FyVK+pfiXWKIsQGyoje8Fw==",
      "license": "MIT",
      "dependencies": {
        "@upstash/core-analytics": "^0.0.10"
      },
      "peerDependencies": {
        "@upstash/redis": "^1.34.3"
      }
    },
    "node_modules/@upstash/redis": {
      "version": "1.35.8",
      "resolved": "https://registry.npmjs.org/@upstash/redis/-/redis-1.35.8.tgz",
      "integrity": "sha512-QqLpVCD9PCPE6hlRzOkz864nfijSdazxtyJLIy9ZeTh6kU2nBIKKfjT5HMHjIRD4BCm6TK1dbUT9pxhFjcvpng==",
      "license": "MIT",
      "dependencies": {
        "uncrypto": "^0.1.3"
      }
    },
    "node_modules/node-fetch": {
      "version": "2.7.0",
      "resolved": "https://registry.npmjs.org/node-fetch/-/node-fetch-2.7.0.tgz",
      "integrity": "sha512-c4FRfUm/dbcWZ7U+1Wq0AwCyFL+3nt2bEw05wfxSz+DWpWsitgmSgYmy2dQdWyKC1694ELPqMs/YzUSNozLt8A==",
      "license": "MIT",
      "dependencies": {
        "whatwg-url": "^5.0.0"
      },
      "engines": {
        "node": "4.x || >=6.0.0"
      },
      "peerDependencies": {
        "encoding": "^0.1.0"
      },
      "peerDependenciesMeta": {
        "encoding": {
          "optional": true
        }
      }
    },
    "node_modules/tr46": {
      "version": "0.0.3",
      "resolved": "https://registry.npmjs.org/tr46/-/tr46-0.0.3.tgz",
      "integrity": "sha512-N3WMsuqV66lT30CrXNbEjx4GEwlow3v6rr4mCcv6prnfwhS01rkgyFdjPNBYd9br7LpXV1+Emh01fHnq2Gdgrw==",
      "license": "MIT"
    },
    "node_modules/uncrypto": {
      "version": "0.1.3",
      "resolved": "https://registry.npmjs.org/uncrypto/-/uncrypto-0.1.3.tgz",
      "integrity": "sha512-Ql87qFHB3s/De2ClA9e0gsnS6zXG27SkTiSJwjCc9MebbfapQfuPzumMIUMi38ezPZVNFcHI9sUIepeQfw8J8Q==",
      "license": "MIT"
    },
    "node_modules/webidl-conversions": {
      "version": "3.0.1",
      "resolved": "https://registry.npmjs.org/webidl-conversions/-/webidl-conversions-3.0.1.tgz",
      "integrity": "sha512-2JAn3z8AR6rjK8Sm8orRC0h/bcl/DqL7tRPdGZ4I1CjdF+EaMLmYxBHyXuKL849eucPFhvBoxMsflfOb8kxaeQ==",
      "license": "BSD-2-Clause"
    },
    "node_modules/whatwg-url": {
      "version": "5.0.0",
      "resolved": "https://registry.npmjs.org/whatwg-url/-/whatwg-url-5.0.0.tgz",
      "integrity": "sha512-saE57nupxk6v3HY35+jzBwYa0rKSy0XR8JSxZPwgLr7ys0IBzhGviA1/TUGJLmSVqs8pb9AnvICXEuOHLprYTw==",
      "license": "MIT",
      "dependencies": {
        "tr46": "~0.0.3",
        "webidl-conversions": "^3.0.0"
      }
    }
  }
}
